
Microsoft Visual Studio Solution File, Format Version 12.00
# Visual Studio Version 17
VisualStudioVersion = 17.7.34009.444
MinimumVisualStudioVersion = 10.0.40219.1
Project("{FAE04EC0-301F-11D3-BF4B-00C04F79EFBC}") = "regis", "regis.csproj", "{C738FDED-E896-4796-9957-B7AB5654ECA9}"
EndProject
Global
	GlobalSection(SolutionConfigurationPlatforms) = preSolution
		Debug|Any CPU = Debug|Any CPU
		Release|Any CPU = Release|Any CPU
	EndGlobalSection
	GlobalSection(ProjectConfigurationPlatforms) = postSolution
		{C738FDED-E896-4796-9957-B7AB5654ECA9}.Debug|Any CPU.ActiveCfg = Debug|Any CPU
		{C738FDED-E896-4796-9957-B7AB5654ECA9}.Debug|Any CPU.Build.0 = Debug|Any CPU
		{C738FDED-E896-4796-9957-B7AB5654ECA9}.Release|Any CPU.ActiveCfg = Release|Any CPU
		{C738FDED-E896-4796-9957-B7AB5654ECA9}.Release|Any CPU.Build.0 = Release|Any CPU
	EndGlobalSection
	GlobalSection(SolutionProperties) = preSolution
		HideSolutionNode = FALSE
	EndGlobalSection
	GlobalSection(ExtensibilityGlobals) = postSolution
		SolutionGuid = {57D21C3C-DB4D-4E89-AAD2-F81608EEDCF7}
	EndGlobalSection
EndGlobal
